
Microsoft Visual Studio Solution File, Format Version 12.00
# Visual Studio Version 16
VisualStudioVersion = 16.0.29911.84
MinimumVisualStudioVersion = 10.0.40219.1
Project("{9A19103F-16F7-4668-BE54-9A1E7A4F7556}") = "eShopWebApp", "eShopWebApp\eShopWebApp.csproj", "{1E1FF94D-2DFD-4233-8AAE-28969212E28C}"
EndProject
Project("{9A19103F-16F7-4668-BE54-9A1E7A4F7556}") = "eShopData", "eShopData\eShopData.csproj", "{5921DA0F-11EF-44D6-871B-AEB716236664}"
EndProject
Project("{9A19103F-16F7-4668-BE54-9A1E7A4F7556}") = "eShopApplication", "eShopApplication\eShopApplication.csproj", "{1C4FF170-9F78-45E7-9FE8-2D1ADF193EF5}"
EndProject
Project("{9A19103F-16F7-4668-BE54-9A1E7A4F7556}") = "eShopViewModel", "eShopViewModel\eShopViewModel.csproj", "{180AE8FD-DE00-4D20-82C6-C3561FF046F0}"
EndProject
Project("{9A19103F-16F7-4668-BE54-9A1E7A4F7556}") = "eshopUtilities", "eshopUtilities\eshopUtilities.csproj", "{2902ED36-14EF-4A9F-9185-2EB03272288E}"
EndProject
Project("{FAE04EC0-301F-11D3-BF4B-00C04F79EFBC}") = "eShopAPI", "eShopAPI\eShopAPI.csproj", "{449EC3B6-58AC-4DC5-A216-FF710DC034A0}"
EndProject
Global
	GlobalSection(SolutionConfigurationPlatforms) = preSolution
		Debug|Any CPU = Debug|Any CPU
		Release|Any CPU = Release|Any CPU
	EndGlobalSection
	GlobalSection(ProjectConfigurationPlatforms) = postSolution
		{1E1FF94D-2DFD-4233-8AAE-28969212E28C}.Debug|Any CPU.ActiveCfg = Debug|Any CPU
		{1E1FF94D-2DFD-4233-8AAE-28969212E28C}.Debug|Any CPU.Build.0 = Debug|Any CPU
		{1E1FF94D-2DFD-4233-8AAE-28969212E28C}.Release|Any CPU.ActiveCfg = Release|Any CPU
		{1E1FF94D-2DFD-4233-8AAE-28969212E28C}.Release|Any CPU.Build.0 = Release|Any CPU
		{5921DA0F-11EF-44D6-871B-AEB716236664}.Debug|Any CPU.ActiveCfg = Debug|Any CPU
		{5921DA0F-11EF-44D6-871B-AEB716236664}.Debug|Any CPU.Build.0 = Debug|Any CPU
		{5921DA0F-11EF-44D6-871B-AEB716236664}.Release|Any CPU.ActiveCfg = Release|Any CPU
		{5921DA0F-11EF-44D6-871B-AEB716236664}.Release|Any CPU.Build.0 = Release|Any CPU
		{1C4FF170-9F78-45E7-9FE8-2D1ADF193EF5}.Debug|Any CPU.ActiveCfg = Debug|Any CPU
		{1C4FF170-9F78-45E7-9FE8-2D1ADF193EF5}.Debug|Any CPU.Build.0 = Debug|Any CPU
		{1C4FF170-9F78-45E7-9FE8-2D1ADF193EF5}.Release|Any CPU.ActiveCfg = Release|Any CPU
		{1C4FF170-9F78-45E7-9FE8-2D1ADF193EF5}.Release|Any CPU.Build.0 = Release|Any CPU
		{180AE8FD-DE00-4D20-82C6-C3561FF046F0}.Debug|Any CPU.ActiveCfg = Debug|Any CPU
		{180AE8FD-DE00-4D20-82C6-C3561FF046F0}.Debug|Any CPU.Build.0 = Debug|Any CPU
		{180AE8FD-DE00-4D20-82C6-C3561FF046F0}.Release|Any CPU.ActiveCfg = Release|Any CPU
		{180AE8FD-DE00-4D20-82C6-C3561FF046F0}.Release|Any CPU.Build.0 = Release|Any CPU
		{2902ED36-14EF-4A9F-9185-2EB03272288E}.Debug|Any CPU.ActiveCfg = Debug|Any CPU
		{2902ED36-14EF-4A9F-9185-2EB03272288E}.Debug|Any CPU.Build.0 = Debug|Any CPU
		{2902ED36-14EF-4A9F-9185-2EB03272288E}.Release|Any CPU.ActiveCfg = Release|Any CPU
		{2902ED36-14EF-4A9F-9185-2EB03272288E}.Release|Any CPU.Build.0 = Release|Any CPU
		{449EC3B6-58AC-4DC5-A216-FF710DC034A0}.Debug|Any CPU.ActiveCfg = Debug|Any CPU
		{449EC3B6-58AC-4DC5-A216-FF710DC034A0}.Debug|Any CPU.Build.0 = Debug|Any CPU
		{449EC3B6-58AC-4DC5-A216-FF710DC034A0}.Release|Any CPU.ActiveCfg = Release|Any CPU
		{449EC3B6-58AC-4DC5-A216-FF710DC034A0}.Release|Any CPU.Build.0 = Release|Any CPU
	EndGlobalSection
	GlobalSection(SolutionProperties) = preSolution
		HideSolutionNode = FALSE
	EndGlobalSection
	GlobalSection(ExtensibilityGlobals) = postSolution
		SolutionGuid = {85317B95-8019-4BA7-8866-77394A6F891D}
	EndGlobalSection
EndGlobal
